
Microsoft Visual Studio Solution File, Format Version 12.00
# Visual Studio 14
VisualStudioVersion = 14.0.23107.0
MinimumVisualStudioVersion = 10.0.40219.1
Project("{FAE04EC0-301F-11D3-BF4B-00C04F79EFBC}") = "vd9.3_t272", "vd9.3_t272\vd9.3_t272.csproj", "{51603B70-803C-42C6-BFF3-4E86252083EE}"
EndProject
Global
	GlobalSection(SolutionConfigurationPlatforms) = preSolution
		Debug|Any CPU = Debug|Any CPU
		Release|Any CPU = Release|Any CPU
	EndGlobalSection
	GlobalSection(ProjectConfigurationPlatforms) = postSolution
		{51603B70-803C-42C6-BFF3-4E86252083EE}.Debug|Any CPU.ActiveCfg = Debug|Any CPU
		{51603B70-803C-42C6-BFF3-4E86252083EE}.Debug|Any CPU.Build.0 = Debug|Any CPU
		{51603B70-803C-42C6-BFF3-4E86252083EE}.Release|Any CPU.ActiveCfg = Release|Any CPU
		{51603B70-803C-42C6-BFF3-4E86252083EE}.Release|Any CPU.Build.0 = Release|Any CPU
	EndGlobalSection
	GlobalSection(SolutionProperties) = preSolution
		HideSolutionNode = FALSE
	EndGlobalSection
EndGlobal
