
Microsoft Visual Studio Solution File, Format Version 12.00
# Visual Studio 14
VisualStudioVersion = 14.0.23107.0
MinimumVisualStudioVersion = 10.0.40219.1
Project("{FAE04EC0-301F-11D3-BF4B-00C04F79EFBC}") = "BTW_5", "BTW_5\BTW_5.csproj", "{AB59655E-5830-4137-A7EB-7D79012D2465}"
EndProject
Global
	GlobalSection(SolutionConfigurationPlatforms) = preSolution
		Debug|Any CPU = Debug|Any CPU
		Release|Any CPU = Release|Any CPU
	EndGlobalSection
	GlobalSection(ProjectConfigurationPlatforms) = postSolution
		{AB59655E-5830-4137-A7EB-7D79012D2465}.Debug|Any CPU.ActiveCfg = Debug|Any CPU
		{AB59655E-5830-4137-A7EB-7D79012D2465}.Debug|Any CPU.Build.0 = Debug|Any CPU
		{AB59655E-5830-4137-A7EB-7D79012D2465}.Release|Any CPU.ActiveCfg = Release|Any CPU
		{AB59655E-5830-4137-A7EB-7D79012D2465}.Release|Any CPU.Build.0 = Release|Any CPU
	EndGlobalSection
	GlobalSection(SolutionProperties) = preSolution
		HideSolutionNode = FALSE
	EndGlobalSection
EndGlobal
